# This file was autogenerated by Stack.
# You should not edit this file by hand.
# For more information, please see the documentation at:
#   https://docs.haskellstack.org/en/stable/topics/lock_files

packages:
- completed:
    hackage: crem-0.1.0.0@sha256:59802923990f768b089c5593e86b3ecf268545717514c88850ad1db015c51baf,13083
    pantry-tree:
      sha256: 65c5c4c9ff277cd7dbdc492146098b0a947741c57555fd0f4b68537049d50916
      size: 2434
  original:
    hackage: crem-0.1.0.0
snapshots:
- completed:
    sha256: a3501d1b61a539371d85305fe73e1134fc08e7c97498a42952455f011fd97ecf
    size: 684278
    url: https://raw.githubusercontent.com/commercialhaskell/stackage-snapshots/master/lts/23/25.yaml
  original: lts-23.25
